
Microsoft Visual Studio Solution File, Format Version 12.00
# Visual Studio Version 17
VisualStudioVersion = 17.12.35506.116 d17.12
MinimumVisualStudioVersion = 10.0.40219.1
Project("{FAE04EC0-301F-11D3-BF4B-00C04F79EFBC}") = "JaratKezeloProject", "JaratKezeloProject.csproj", "{5887EFF9-870A-4247-AAEE-40183178965A}"
EndProject
Project("{FAE04EC0-301F-11D3-BF4B-00C04F79EFBC}") = "TestJaratKezeloProject", "..\TestJaratKezeloProject\TestJaratKezeloProject.csproj", "{34897307-91F2-4353-97F8-C2C5DC5F6AA2}"
EndProject
Global
	GlobalSection(SolutionConfigurationPlatforms) = preSolution
		Debug|Any CPU = Debug|Any CPU
		Release|Any CPU = Release|Any CPU
	EndGlobalSection
	GlobalSection(ProjectConfigurationPlatforms) = postSolution
		{5887EFF9-870A-4247-AAEE-40183178965A}.Debug|Any CPU.ActiveCfg = Debug|Any CPU
		{5887EFF9-870A-4247-AAEE-40183178965A}.Debug|Any CPU.Build.0 = Debug|Any CPU
		{5887EFF9-870A-4247-AAEE-40183178965A}.Release|Any CPU.ActiveCfg = Release|Any CPU
		{5887EFF9-870A-4247-AAEE-40183178965A}.Release|Any CPU.Build.0 = Release|Any CPU
		{34897307-91F2-4353-97F8-C2C5DC5F6AA2}.Debug|Any CPU.ActiveCfg = Debug|Any CPU
		{34897307-91F2-4353-97F8-C2C5DC5F6AA2}.Debug|Any CPU.Build.0 = Debug|Any CPU
		{34897307-91F2-4353-97F8-C2C5DC5F6AA2}.Release|Any CPU.ActiveCfg = Release|Any CPU
		{34897307-91F2-4353-97F8-C2C5DC5F6AA2}.Release|Any CPU.Build.0 = Release|Any CPU
	EndGlobalSection
	GlobalSection(SolutionProperties) = preSolution
		HideSolutionNode = FALSE
	EndGlobalSection
EndGlobal
